
Microsoft Visual Studio Solution File, Format Version 12.00
Project("{FAE04EC0-301F-11D3-BF4B-00C04F79EFBC}") = "MidasShopSolution.Web", "MidasShopSolution.Web\MidasShopSolution.Web.csproj", "{259EC6B3-47BE-4C34-BDE5-A0C490134FEB}"
EndProject
Global
	GlobalSection(SolutionConfigurationPlatforms) = preSolution
		Debug|Any CPU = Debug|Any CPU
		Release|Any CPU = Release|Any CPU
	EndGlobalSection
	GlobalSection(ProjectConfigurationPlatforms) = postSolution
		{259EC6B3-47BE-4C34-BDE5-A0C490134FEB}.Debug|Any CPU.ActiveCfg = Debug|Any CPU
		{259EC6B3-47BE-4C34-BDE5-A0C490134FEB}.Debug|Any CPU.Build.0 = Debug|Any CPU
		{259EC6B3-47BE-4C34-BDE5-A0C490134FEB}.Release|Any CPU.ActiveCfg = Release|Any CPU
		{259EC6B3-47BE-4C34-BDE5-A0C490134FEB}.Release|Any CPU.Build.0 = Release|Any CPU
	EndGlobalSection
EndGlobal
